{
  "lockfileVersion": 1,
  "workspaces": {
    "": {
      "name": "@jonz94/discord-bot-ufo",
      "dependencies": {
        "@libsql/client": "^0.15.7",
        "discord.js": "^14.19.3",
        "drizzle-orm": "^0.43.1",
        "hono": "^4.7.10",
        "youtubei.js": "^13.4.0",
      },
      "devDependencies": {
        "@types/bun": "^1.2.15",
        "drizzle-kit": "^0.31.1",
        "prettier": "^3.5.3",
        "prettier-plugin-organize-imports": "^4.1.0",
        "prettier-plugin-packagejson": "^2.5.14",
        "typescript": "~5.8.3",
      },
    },
  },
  "trustedDependencies": [
    "esbuild",
  ],
  "overrides": {
    "esbuild": "^0.25.1",
  },
  "packages": {
    "@bufbuild/protobuf": ["@bufbuild/protobuf@2.4.0", "", {}, "sha512-RN9M76x7N11QRihKovEglEjjVCQEA9PRBVnDgk9xw8JHLrcUrp4FpAVSPSH91cNbcTft3u2vpLN4GMbiKY9PJw=="],

    "@discordjs/builders": ["@discordjs/builders@1.11.2", "", { "dependencies": { "@discordjs/formatters": "^0.6.1", "@discordjs/util": "^1.1.1", "@sapphire/shapeshift": "^4.0.0", "discord-api-types": "^0.38.1", "fast-deep-equal": "^3.1.3", "ts-mixer": "^6.0.4", "tslib": "^2.6.3" } }, "sha512-F1WTABdd8/R9D1icJzajC4IuLyyS8f3rTOz66JsSI3pKvpCAtsMBweu8cyNYsIyvcrKAVn9EPK+Psoymq+XC0A=="],

    "@discordjs/collection": ["@discordjs/collection@1.5.3", "", {}, "sha512-SVb428OMd3WO1paV3rm6tSjM4wC+Kecaa1EUGX7vc6/fddvw/6lg90z4QtCqm21zvVe92vMMDt9+DkIvjXImQQ=="],

    "@discordjs/formatters": ["@discordjs/formatters@0.6.1", "", { "dependencies": { "discord-api-types": "^0.38.1" } }, "sha512-5cnX+tASiPCqCWtFcFslxBVUaCetB0thvM/JyavhbXInP1HJIEU+Qv/zMrnuwSsX3yWH2lVXNJZeDK3EiP4HHg=="],

    "@discordjs/rest": ["@discordjs/rest@2.5.0", "", { "dependencies": { "@discordjs/collection": "^2.1.1", "@discordjs/util": "^1.1.1", "@sapphire/async-queue": "^1.5.3", "@sapphire/snowflake": "^3.5.3", "@vladfrangu/async_event_emitter": "^2.4.6", "discord-api-types": "^0.38.1", "magic-bytes.js": "^1.10.0", "tslib": "^2.6.3", "undici": "6.21.1" } }, "sha512-PWhchxTzpn9EV3vvPRpwS0EE2rNYB9pvzDU/eLLW3mByJl0ZHZjHI2/wA8EbH2gRMQV7nu+0FoDF84oiPl8VAQ=="],

    "@discordjs/util": ["@discordjs/util@1.1.1", "", {}, "sha512-eddz6UnOBEB1oITPinyrB2Pttej49M9FZQY8NxgEvc3tq6ZICZ19m70RsmzRdDHk80O9NoYN/25AqJl8vPVf/g=="],

    "@discordjs/ws": ["@discordjs/ws@1.2.2", "", { "dependencies": { "@discordjs/collection": "^2.1.0", "@discordjs/rest": "^2.5.0", "@discordjs/util": "^1.1.0", "@sapphire/async-queue": "^1.5.2", "@types/ws": "^8.5.10", "@vladfrangu/async_event_emitter": "^2.2.4", "discord-api-types": "^0.38.1", "tslib": "^2.6.2", "ws": "^8.17.0" } }, "sha512-dyfq7yn0wO0IYeYOs3z79I6/HumhmKISzFL0Z+007zQJMtAFGtt3AEoq1nuLXtcunUE5YYYQqgKvybXukAK8/w=="],

    "@drizzle-team/brocli": ["@drizzle-team/brocli@0.10.2", "", {}, "sha512-z33Il7l5dKjUgGULTqBsQBQwckHh5AbIuxhdsIxDDiZAzBOrZO6q9ogcWC65kU382AfynTfgNumVcNIjuIua6w=="],

    "@esbuild-kit/core-utils": ["@esbuild-kit/core-utils@3.3.2", "", { "dependencies": { "esbuild": "~0.18.20", "source-map-support": "^0.5.21" } }, "sha512-sPRAnw9CdSsRmEtnsl2WXWdyquogVpB3yZ3dgwJfe8zrOzTsV7cJvmwrKVa+0ma5BoiGJ+BoqkMvawbayKUsqQ=="],

    "@esbuild-kit/esm-loader": ["@esbuild-kit/esm-loader@2.6.5", "", { "dependencies": { "@esbuild-kit/core-utils": "^3.3.2", "get-tsconfig": "^4.7.0" } }, "sha512-FxEMIkJKnodyA1OaCUoEvbYRkoZlLZ4d/eXFu9Fh8CbBBgP5EmZxrfTRyN0qpXZ4vOvqnE5YdRdcrmUUXuU+dA=="],

    "@esbuild/aix-ppc64": ["@esbuild/aix-ppc64@0.25.4", "", { "os": "aix", "cpu": "ppc64" }, "sha512-1VCICWypeQKhVbE9oW/sJaAmjLxhVqacdkvPLEjwlttjfwENRSClS8EjBz0KzRyFSCPDIkuXW34Je/vk7zdB7Q=="],

    "@esbuild/android-arm": ["@esbuild/android-arm@0.25.4", "", { "os": "android", "cpu": "arm" }, "sha512-QNdQEps7DfFwE3hXiU4BZeOV68HHzYwGd0Nthhd3uCkkEKK7/R6MTgM0P7H7FAs5pU/DIWsviMmEGxEoxIZ+ZQ=="],

    "@esbuild/android-arm64": ["@esbuild/android-arm64@0.25.4", "", { "os": "android", "cpu": "arm64" }, "sha512-bBy69pgfhMGtCnwpC/x5QhfxAz/cBgQ9enbtwjf6V9lnPI/hMyT9iWpR1arm0l3kttTr4L0KSLpKmLp/ilKS9A=="],

    "@esbuild/android-x64": ["@esbuild/android-x64@0.25.4", "", { "os": "android", "cpu": "x64" }, "sha512-TVhdVtQIFuVpIIR282btcGC2oGQoSfZfmBdTip2anCaVYcqWlZXGcdcKIUklfX2wj0JklNYgz39OBqh2cqXvcQ=="],

    "@esbuild/darwin-arm64": ["@esbuild/darwin-arm64@0.25.4", "", { "os": "darwin", "cpu": "arm64" }, "sha512-Y1giCfM4nlHDWEfSckMzeWNdQS31BQGs9/rouw6Ub91tkK79aIMTH3q9xHvzH8d0wDru5Ci0kWB8b3up/nl16g=="],

    "@esbuild/darwin-x64": ["@esbuild/darwin-x64@0.25.4", "", { "os": "darwin", "cpu": "x64" }, "sha512-CJsry8ZGM5VFVeyUYB3cdKpd/H69PYez4eJh1W/t38vzutdjEjtP7hB6eLKBoOdxcAlCtEYHzQ/PJ/oU9I4u0A=="],

    "@esbuild/freebsd-arm64": ["@esbuild/freebsd-arm64@0.25.4", "", { "os": "freebsd", "cpu": "arm64" }, "sha512-yYq+39NlTRzU2XmoPW4l5Ifpl9fqSk0nAJYM/V/WUGPEFfek1epLHJIkTQM6bBs1swApjO5nWgvr843g6TjxuQ=="],

    "@esbuild/freebsd-x64": ["@esbuild/freebsd-x64@0.25.4", "", { "os": "freebsd", "cpu": "x64" }, "sha512-0FgvOJ6UUMflsHSPLzdfDnnBBVoCDtBTVyn/MrWloUNvq/5SFmh13l3dvgRPkDihRxb77Y17MbqbCAa2strMQQ=="],

    "@esbuild/linux-arm": ["@esbuild/linux-arm@0.25.4", "", { "os": "linux", "cpu": "arm" }, "sha512-kro4c0P85GMfFYqW4TWOpvmF8rFShbWGnrLqlzp4X1TNWjRY3JMYUfDCtOxPKOIY8B0WC8HN51hGP4I4hz4AaQ=="],

    "@esbuild/linux-arm64": ["@esbuild/linux-arm64@0.25.4", "", { "os": "linux", "cpu": "arm64" }, "sha512-+89UsQTfXdmjIvZS6nUnOOLoXnkUTB9hR5QAeLrQdzOSWZvNSAXAtcRDHWtqAUtAmv7ZM1WPOOeSxDzzzMogiQ=="],

    "@esbuild/linux-ia32": ["@esbuild/linux-ia32@0.25.4", "", { "os": "linux", "cpu": "ia32" }, "sha512-yTEjoapy8UP3rv8dB0ip3AfMpRbyhSN3+hY8mo/i4QXFeDxmiYbEKp3ZRjBKcOP862Ua4b1PDfwlvbuwY7hIGQ=="],

    "@esbuild/linux-loong64": ["@esbuild/linux-loong64@0.25.4", "", { "os": "linux", "cpu": "none" }, "sha512-NeqqYkrcGzFwi6CGRGNMOjWGGSYOpqwCjS9fvaUlX5s3zwOtn1qwg1s2iE2svBe4Q/YOG1q6875lcAoQK/F4VA=="],

    "@esbuild/linux-mips64el": ["@esbuild/linux-mips64el@0.25.4", "", { "os": "linux", "cpu": "none" }, "sha512-IcvTlF9dtLrfL/M8WgNI/qJYBENP3ekgsHbYUIzEzq5XJzzVEV/fXY9WFPfEEXmu3ck2qJP8LG/p3Q8f7Zc2Xg=="],

    "@esbuild/linux-ppc64": ["@esbuild/linux-ppc64@0.25.4", "", { "os": "linux", "cpu": "ppc64" }, "sha512-HOy0aLTJTVtoTeGZh4HSXaO6M95qu4k5lJcH4gxv56iaycfz1S8GO/5Jh6X4Y1YiI0h7cRyLi+HixMR+88swag=="],

    "@esbuild/linux-riscv64": ["@esbuild/linux-riscv64@0.25.4", "", { "os": "linux", "cpu": "none" }, "sha512-i8JUDAufpz9jOzo4yIShCTcXzS07vEgWzyX3NH2G7LEFVgrLEhjwL3ajFE4fZI3I4ZgiM7JH3GQ7ReObROvSUA=="],

    "@esbuild/linux-s390x": ["@esbuild/linux-s390x@0.25.4", "", { "os": "linux", "cpu": "s390x" }, "sha512-jFnu+6UbLlzIjPQpWCNh5QtrcNfMLjgIavnwPQAfoGx4q17ocOU9MsQ2QVvFxwQoWpZT8DvTLooTvmOQXkO51g=="],

    "@esbuild/linux-x64": ["@esbuild/linux-x64@0.25.4", "", { "os": "linux", "cpu": "x64" }, "sha512-6e0cvXwzOnVWJHq+mskP8DNSrKBr1bULBvnFLpc1KY+d+irZSgZ02TGse5FsafKS5jg2e4pbvK6TPXaF/A6+CA=="],

    "@esbuild/netbsd-arm64": ["@esbuild/netbsd-arm64@0.25.4", "", { "os": "none", "cpu": "arm64" }, "sha512-vUnkBYxZW4hL/ie91hSqaSNjulOnYXE1VSLusnvHg2u3jewJBz3YzB9+oCw8DABeVqZGg94t9tyZFoHma8gWZQ=="],

    "@esbuild/netbsd-x64": ["@esbuild/netbsd-x64@0.25.4", "", { "os": "none", "cpu": "x64" }, "sha512-XAg8pIQn5CzhOB8odIcAm42QsOfa98SBeKUdo4xa8OvX8LbMZqEtgeWE9P/Wxt7MlG2QqvjGths+nq48TrUiKw=="],

    "@esbuild/openbsd-arm64": ["@esbuild/openbsd-arm64@0.25.4", "", { "os": "openbsd", "cpu": "arm64" }, "sha512-Ct2WcFEANlFDtp1nVAXSNBPDxyU+j7+tId//iHXU2f/lN5AmO4zLyhDcpR5Cz1r08mVxzt3Jpyt4PmXQ1O6+7A=="],

    "@esbuild/openbsd-x64": ["@esbuild/openbsd-x64@0.25.4", "", { "os": "openbsd", "cpu": "x64" }, "sha512-xAGGhyOQ9Otm1Xu8NT1ifGLnA6M3sJxZ6ixylb+vIUVzvvd6GOALpwQrYrtlPouMqd/vSbgehz6HaVk4+7Afhw=="],

    "@esbuild/sunos-x64": ["@esbuild/sunos-x64@0.25.4", "", { "os": "sunos", "cpu": "x64" }, "sha512-Mw+tzy4pp6wZEK0+Lwr76pWLjrtjmJyUB23tHKqEDP74R3q95luY/bXqXZeYl4NYlvwOqoRKlInQialgCKy67Q=="],

    "@esbuild/win32-arm64": ["@esbuild/win32-arm64@0.25.4", "", { "os": "win32", "cpu": "arm64" }, "sha512-AVUP428VQTSddguz9dO9ngb+E5aScyg7nOeJDrF1HPYu555gmza3bDGMPhmVXL8svDSoqPCsCPjb265yG/kLKQ=="],

    "@esbuild/win32-ia32": ["@esbuild/win32-ia32@0.25.4", "", { "os": "win32", "cpu": "ia32" }, "sha512-i1sW+1i+oWvQzSgfRcxxG2k4I9n3O9NRqy8U+uugaT2Dy7kLO9Y7wI72haOahxceMX8hZAzgGou1FhndRldxRg=="],

    "@esbuild/win32-x64": ["@esbuild/win32-x64@0.25.4", "", { "os": "win32", "cpu": "x64" }, "sha512-nOT2vZNw6hJ+z43oP1SPea/G/6AbN6X+bGNhNuq8NtRHy4wsMhw765IKLNmnjek7GvjWBYQ8Q5VBoYTFg9y1UQ=="],

    "@fastify/busboy": ["@fastify/busboy@2.1.1", "", {}, "sha512-vBZP4NlzfOlerQTnba4aqZoMhE/a9HY7HRqoOPaETQcSQuWEIyZMHGfVu6w9wGtGK5fED5qRs2DteVCjOH60sA=="],

    "@libsql/client": ["@libsql/client@0.15.7", "", { "dependencies": { "@libsql/core": "^0.15.7", "@libsql/hrana-client": "^0.7.0", "js-base64": "^3.7.5", "libsql": "^0.5.11", "promise-limit": "^2.7.0" } }, "sha512-2rKekOBINDKXGwB0I5qeTDuom2944hEkWkjN8O41j95/HRKP+3sk/fq6/PoPJSuwY3pgWAS8vyby+FgOyPnIVQ=="],

    "@libsql/core": ["@libsql/core@0.15.7", "", { "dependencies": { "js-base64": "^3.7.5" } }, "sha512-hW1++8iKAEnb7Y3EZ2zXRR+1K0MKdRT7SLaNgFkfwz6CmiIBY3sYN7VSftNS7IR6xKRvFBpoz10CC63NoFGkaQ=="],

    "@libsql/darwin-arm64": ["@libsql/darwin-arm64@0.5.11", "", { "os": "darwin", "cpu": "arm64" }, "sha512-Av4+H8VypNZdbRbDKu5ogoCBHOdYh2Vx6iO7+0SACjcgnpqjnGL59lJUuX3fmV48VI6al1xORYJVApo//B5iqA=="],

    "@libsql/darwin-x64": ["@libsql/darwin-x64@0.5.11", "", { "os": "darwin", "cpu": "x64" }, "sha512-+BXozvOKhwbye16itymY2YXeHOcIeZGORdJK2prfXA7Q2HR4/dRdUirR1o/koxxxG616uiWlAVj5WJ0j2IWkQA=="],

    "@libsql/hrana-client": ["@libsql/hrana-client@0.7.0", "", { "dependencies": { "@libsql/isomorphic-fetch": "^0.3.1", "@libsql/isomorphic-ws": "^0.1.5", "js-base64": "^3.7.5", "node-fetch": "^3.3.2" } }, "sha512-OF8fFQSkbL7vJY9rfuegK1R7sPgQ6kFMkDamiEccNUvieQ+3urzfDFI616oPl8V7T9zRmnTkSjMOImYCAVRVuw=="],

    "@libsql/isomorphic-fetch": ["@libsql/isomorphic-fetch@0.3.1", "", {}, "sha512-6kK3SUK5Uu56zPq/Las620n5aS9xJq+jMBcNSOmjhNf/MUvdyji4vrMTqD7ptY7/4/CAVEAYDeotUz60LNQHtw=="],

    "@libsql/isomorphic-ws": ["@libsql/isomorphic-ws@0.1.5", "", { "dependencies": { "@types/ws": "^8.5.4", "ws": "^8.13.0" } }, "sha512-DtLWIH29onUYR00i0GlQ3UdcTRC6EP4u9w/h9LxpUZJWRMARk6dQwZ6Jkd+QdwVpuAOrdxt18v0K2uIYR3fwFg=="],

    "@libsql/linux-arm-gnueabihf": ["@libsql/linux-arm-gnueabihf@0.5.11", "", { "os": "linux", "cpu": "arm" }, "sha512-znsVKbKgOerCNkIY0HjtvkioVGLskmGXZodZn3TMDRTmn1PIUt7/dnxU5moKMdKa1hKDSOC52dqF77nAdkn4UA=="],

    "@libsql/linux-arm-musleabihf": ["@libsql/linux-arm-musleabihf@0.5.11", "", { "os": "linux", "cpu": "arm" }, "sha512-l4gJY6AvhQ4fUJRpjph3AW6pbiAUcVxJUH0oM5Pf/GnA9acpaDgLtle2hWMz16BSncg/Jl2jVpaJuyJsJ9E7YA=="],

    "@libsql/linux-arm64-gnu": ["@libsql/linux-arm64-gnu@0.5.11", "", { "os": "linux", "cpu": "arm64" }, "sha512-axXEenVUnSKR25g0iqL/OH4z4qrPBNwdBhjTWZr613L9tnboDPAioP1kVEy77nN8C8CL/dyXh5X4vKuIwHrQpQ=="],

    "@libsql/linux-arm64-musl": ["@libsql/linux-arm64-musl@0.5.11", "", { "os": "linux", "cpu": "arm64" }, "sha512-Pzz9dm2D78PQpy3pYKbvzBBOwdjg9c3yoQSu5QQQCGL4J5e1bZpa/p6Z3BoYBlvmdo1V36ljS6N4hRir/rnCxg=="],

    "@libsql/linux-x64-gnu": ["@libsql/linux-x64-gnu@0.5.11", "", { "os": "linux", "cpu": "x64" }, "sha512-DxOU0MqG7soKZFVzOo7Zot5qDajZjjOgjf/sOjeJf/aeRBr3KkKiwgWKnmjDhuhitahqc8Nu2D92/dsAuDHJsA=="],

    "@libsql/linux-x64-musl": ["@libsql/linux-x64-musl@0.5.11", "", { "os": "linux", "cpu": "x64" }, "sha512-uRou4r+PiDA616t2USnsjbot88ennTrwKqhVUY7S6LTPI3RiKizZg6YESCwhzofPtk8Ualp/hMQGTGSoW9DUKw=="],

    "@libsql/win32-x64-msvc": ["@libsql/win32-x64-msvc@0.5.11", "", { "os": "win32", "cpu": "x64" }, "sha512-NES0P2pyx5XjveTYotTG03eoJwx0haJBYWXfqmcPLmbQ5u03Qmd7rxhLfWDdIRj4PrdhVProwdB0FA82ryLcKQ=="],

    "@neon-rs/load": ["@neon-rs/load@0.0.4", "", {}, "sha512-kTPhdZyTQxB+2wpiRcFWrDcejc4JI6tkPuS7UZCG4l6Zvc5kU/gGQ/ozvHTh1XR5tS+UlfAfGuPajjzQjCiHCw=="],

    "@pkgr/core": ["@pkgr/core@0.2.4", "", {}, "sha512-ROFF39F6ZrnzSUEmQQZUar0Jt4xVoP9WnDRdWwF4NNcXs3xBTLgBUDoOwW141y1jP+S8nahIbdxbFC7IShw9Iw=="],

    "@sapphire/async-queue": ["@sapphire/async-queue@1.5.5", "", {}, "sha512-cvGzxbba6sav2zZkH8GPf2oGk9yYoD5qrNWdu9fRehifgnFZJMV+nuy2nON2roRO4yQQ+v7MK/Pktl/HgfsUXg=="],

    "@sapphire/shapeshift": ["@sapphire/shapeshift@4.0.0", "", { "dependencies": { "fast-deep-equal": "^3.1.3", "lodash": "^4.17.21" } }, "sha512-d9dUmWVA7MMiKobL3VpLF8P2aeanRTu6ypG2OIaEv/ZHH/SUQ2iHOVyi5wAPjQ+HmnMuL0whK9ez8I/raWbtIg=="],

    "@sapphire/snowflake": ["@sapphire/snowflake@3.5.3", "", {}, "sha512-jjmJywLAFoWeBi1W7994zZyiNWPIiqRRNAmSERxyg93xRGzNYvGjlZ0gR6x0F4gPRi2+0O6S71kOZYyr3cxaIQ=="],

    "@types/bun": ["@types/bun@1.2.15", "", { "dependencies": { "bun-types": "1.2.15" } }, "sha512-U1ljPdBEphF0nw1MIk0hI7kPg7dFdPyM7EenHsp6W5loNHl7zqy6JQf/RKCgnUn2KDzUpkBwHPnEJEjII594bA=="],

    "@types/node": ["@types/node@22.15.19", "", { "dependencies": { "undici-types": "~6.21.0" } }, "sha512-3vMNr4TzNQyjHcRZadojpRaD9Ofr6LsonZAoQ+HMUa/9ORTPoxVIw0e0mpqWpdjj8xybyCM+oKOUH2vwFu/oEw=="],

    "@types/ws": ["@types/ws@8.18.1", "", { "dependencies": { "@types/node": "*" } }, "sha512-ThVF6DCVhA8kUGy+aazFQ4kXQ7E1Ty7A3ypFOe0IcJV8O/M511G99AW24irKrW56Wt44yG9+ij8FaqoBGkuBXg=="],

    "@vladfrangu/async_event_emitter": ["@vladfrangu/async_event_emitter@2.4.6", "", {}, "sha512-RaI5qZo6D2CVS6sTHFKg1v5Ohq/+Bo2LZ5gzUEwZ/WkHhwtGTCB/sVLw8ijOkAUxasZ+WshN/Rzj4ywsABJ5ZA=="],

    "acorn": ["acorn@8.14.1", "", { "bin": { "acorn": "bin/acorn" } }, "sha512-OvQ/2pUDKmgfCg++xsTX1wGxfTaszcHVcTctW4UJB4hibJx2HXxxO5UmVgyjMa+ZDsiaf5wWLXYpRWMmBI0QHg=="],

    "buffer-from": ["buffer-from@1.1.2", "", {}, "sha512-E+XQCRwSbaaiChtv6k6Dwgc+bx+Bs6vuKJHHl5kox/BaKbhiXzqQOwK4cO22yElGp2OCmjwVhT3HmxgyPGnJfQ=="],

    "bun-types": ["bun-types@1.2.15", "", { "dependencies": { "@types/node": "*" } }, "sha512-NarRIaS+iOaQU1JPfyKhZm4AsUOrwUOqRNHY0XxI8GI8jYxiLXLcdjYMG9UKS+fwWasc1uw1htV9AX24dD+p4w=="],

    "data-uri-to-buffer": ["data-uri-to-buffer@4.0.1", "", {}, "sha512-0R9ikRb668HB7QDxT1vkpuUBtqc53YyAwMwGeUFKRojY/NWKvdZ+9UYtRfGmhqNbRkTSVpMbmyhXipFFv2cb/A=="],

    "debug": ["debug@4.4.1", "", { "dependencies": { "ms": "^2.1.3" } }, "sha512-KcKCqiftBJcZr++7ykoDIEwSa3XWowTfNPo92BYxjXiyYEVrUQh2aLyhxBCwww+heortUFxEJYcRzosstTEBYQ=="],

    "detect-indent": ["detect-indent@7.0.1", "", {}, "sha512-Mc7QhQ8s+cLrnUfU/Ji94vG/r8M26m8f++vyres4ZoojaRDpZ1eSIh/EpzLNwlWuvzSZ3UbDFspjFvTDXe6e/g=="],

    "detect-libc": ["detect-libc@2.0.2", "", {}, "sha512-UX6sGumvvqSaXgdKGUsgZWqcUyIXZ/vZTrlRT/iobiKhGL0zL4d3osHj3uqllWJK+i+sixDS/3COVEOFbupFyw=="],

    "detect-newline": ["detect-newline@4.0.1", "", {}, "sha512-qE3Veg1YXzGHQhlA6jzebZN2qVf6NX+A7m7qlhCGG30dJixrAQhYOsJjsnBjJkCSmuOPpCk30145fr8FV0bzog=="],

    "discord-api-types": ["discord-api-types@0.38.8", "", {}, "sha512-xuRXPD44FcbKHrQK15FS1HFlMRNJtsaZou/SVws18vQ7zHqmlxyDktMkZpyvD6gE2ctGOVYC/jUyoMMAyBWfcw=="],

    "discord.js": ["discord.js@14.19.3", "", { "dependencies": { "@discordjs/builders": "^1.11.2", "@discordjs/collection": "1.5.3", "@discordjs/formatters": "^0.6.1", "@discordjs/rest": "^2.5.0", "@discordjs/util": "^1.1.1", "@discordjs/ws": "^1.2.2", "@sapphire/snowflake": "3.5.3", "discord-api-types": "^0.38.1", "fast-deep-equal": "3.1.3", "lodash.snakecase": "4.1.1", "magic-bytes.js": "^1.10.0", "tslib": "^2.6.3", "undici": "6.21.1" } }, "sha512-lncTRk0k+8Q5D3nThnODBR8fR8x2fM798o8Vsr40Krx0DjPwpZCuxxTcFMrXMQVOqM1QB9wqWgaXPg3TbmlHqA=="],

    "drizzle-kit": ["drizzle-kit@0.31.1", "", { "dependencies": { "@drizzle-team/brocli": "^0.10.2", "@esbuild-kit/esm-loader": "^2.5.5", "esbuild": "^0.25.2", "esbuild-register": "^3.5.0" }, "bin": { "drizzle-kit": "bin.cjs" } }, "sha512-PUjYKWtzOzPtdtQlTHQG3qfv4Y0XT8+Eas6UbxCmxTj7qgMf+39dDujf1BP1I+qqZtw9uzwTh8jYtkMuCq+B0Q=="],

    "drizzle-orm": ["drizzle-orm@0.43.1", "", { "peerDependencies": { "@aws-sdk/client-rds-data": ">=3", "@cloudflare/workers-types": ">=4", "@electric-sql/pglite": ">=0.2.0", "@libsql/client": ">=0.10.0", "@libsql/client-wasm": ">=0.10.0", "@neondatabase/serverless": ">=0.10.0", "@op-engineering/op-sqlite": ">=2", "@opentelemetry/api": "^1.4.1", "@planetscale/database": ">=1.13", "@prisma/client": "*", "@tidbcloud/serverless": "*", "@types/better-sqlite3": "*", "@types/pg": "*", "@types/sql.js": "*", "@vercel/postgres": ">=0.8.0", "@xata.io/client": "*", "better-sqlite3": ">=7", "bun-types": "*", "expo-sqlite": ">=14.0.0", "gel": ">=2", "knex": "*", "kysely": "*", "mysql2": ">=2", "pg": ">=8", "postgres": ">=3", "sql.js": ">=1", "sqlite3": ">=5" }, "optionalPeers": ["@aws-sdk/client-rds-data", "@cloudflare/workers-types", "@electric-sql/pglite", "@libsql/client", "@libsql/client-wasm", "@neondatabase/serverless", "@op-engineering/op-sqlite", "@opentelemetry/api", "@planetscale/database", "@prisma/client", "@tidbcloud/serverless", "@types/better-sqlite3", "@types/pg", "@types/sql.js", "@vercel/postgres", "@xata.io/client", "better-sqlite3", "bun-types", "expo-sqlite", "gel", "knex", "kysely", "mysql2", "pg", "postgres", "sql.js", "sqlite3"] }, "sha512-dUcDaZtE/zN4RV/xqGrVSMpnEczxd5cIaoDeor7Zst9wOe/HzC/7eAaulywWGYXdDEc9oBPMjayVEDg0ziTLJA=="],

    "esbuild": ["esbuild@0.25.4", "", { "optionalDependencies": { "@esbuild/aix-ppc64": "0.25.4", "@esbuild/android-arm": "0.25.4", "@esbuild/android-arm64": "0.25.4", "@esbuild/android-x64": "0.25.4", "@esbuild/darwin-arm64": "0.25.4", "@esbuild/darwin-x64": "0.25.4", "@esbuild/freebsd-arm64": "0.25.4", "@esbuild/freebsd-x64": "0.25.4", "@esbuild/linux-arm": "0.25.4", "@esbuild/linux-arm64": "0.25.4", "@esbuild/linux-ia32": "0.25.4", "@esbuild/linux-loong64": "0.25.4", "@esbuild/linux-mips64el": "0.25.4", "@esbuild/linux-ppc64": "0.25.4", "@esbuild/linux-riscv64": "0.25.4", "@esbuild/linux-s390x": "0.25.4", "@esbuild/linux-x64": "0.25.4", "@esbuild/netbsd-arm64": "0.25.4", "@esbuild/netbsd-x64": "0.25.4", "@esbuild/openbsd-arm64": "0.25.4", "@esbuild/openbsd-x64": "0.25.4", "@esbuild/sunos-x64": "0.25.4", "@esbuild/win32-arm64": "0.25.4", "@esbuild/win32-ia32": "0.25.4", "@esbuild/win32-x64": "0.25.4" }, "bin": { "esbuild": "bin/esbuild" } }, "sha512-8pgjLUcUjcgDg+2Q4NYXnPbo/vncAY4UmyaCm0jZevERqCHZIaWwdJHkf8XQtu4AxSKCdvrUbT0XUr1IdZzI8Q=="],

    "esbuild-register": ["esbuild-register@3.6.0", "", { "dependencies": { "debug": "^4.3.4" }, "peerDependencies": { "esbuild": ">=0.12 <1" } }, "sha512-H2/S7Pm8a9CL1uhp9OvjwrBh5Pvx0H8qVOxNu8Wed9Y7qv56MPtq+GGM8RJpq6glYJn9Wspr8uw7l55uyinNeg=="],

    "fast-deep-equal": ["fast-deep-equal@3.1.3", "", {}, "sha512-f3qQ9oQy9j2AhBe/H9VC91wLmKBCCU/gDOnKNAYG5hswO7BLKj09Hc5HYNz9cGI++xlpDCIgDaitVs03ATR84Q=="],

    "fdir": ["fdir@6.4.4", "", { "peerDependencies": { "picomatch": "^3 || ^4" }, "optionalPeers": ["picomatch"] }, "sha512-1NZP+GK4GfuAv3PqKvxQRDMjdSRZjnkq7KfhlNrCNNlZ0ygQFpebfrnfnq/W7fpUnAv9aGWmY1zKx7FYL3gwhg=="],

    "fetch-blob": ["fetch-blob@3.2.0", "", { "dependencies": { "node-domexception": "^1.0.0", "web-streams-polyfill": "^3.0.3" } }, "sha512-7yAQpD2UMJzLi1Dqv7qFYnPbaPx7ZfFK6PiIxQ4PfkGPyNyl2Ugx+a/umUonmKqjhM4DnfbMvdX6otXq83soQQ=="],

    "formdata-polyfill": ["formdata-polyfill@4.0.10", "", { "dependencies": { "fetch-blob": "^3.1.2" } }, "sha512-buewHzMvYL29jdeQTVILecSaZKnt/RJWjoZCF5OW60Z67/GmSLBkOFM7qh1PI3zFNtJbaZL5eQu1vLfazOwj4g=="],

    "get-tsconfig": ["get-tsconfig@4.10.0", "", { "dependencies": { "resolve-pkg-maps": "^1.0.0" } }, "sha512-kGzZ3LWWQcGIAmg6iWvXn0ei6WDtV26wzHRMwDSzmAbcXrTEXxHy6IehI6/4eT6VRKyMP1eF1VqwrVUmE/LR7A=="],

    "git-hooks-list": ["git-hooks-list@4.1.1", "", {}, "sha512-cmP497iLq54AZnv4YRAEMnEyQ1eIn4tGKbmswqwmFV4GBnAqE8NLtWxxdXa++AalfgL5EBH4IxTPyquEuGY/jA=="],

    "hono": ["hono@4.7.10", "", {}, "sha512-QkACju9MiN59CKSY5JsGZCYmPZkA6sIW6OFCUp7qDjZu6S6KHtJHhAc9Uy9mV9F8PJ1/HQ3ybZF2yjCa/73fvQ=="],

    "is-plain-obj": ["is-plain-obj@4.1.0", "", {}, "sha512-+Pgi+vMuUNkJyExiMBt5IlFoMyKnr5zhJ4Uspz58WOhBF5QoIZkFyNHIbBAtHwzVAgk5RtndVNsDRN61/mmDqg=="],

    "jintr": ["jintr@3.3.1", "", { "dependencies": { "acorn": "^8.8.0" } }, "sha512-nnOzyhf0SLpbWuZ270Omwbj5LcXUkTcZkVnK8/veJXtSZOiATM5gMZMdmzN75FmTyj+NVgrGaPdH12zIJ24oIA=="],

    "js-base64": ["js-base64@3.7.7", "", {}, "sha512-7rCnleh0z2CkXhH67J8K1Ytz0b2Y+yxTPL+/KOJoa20hfnVQ/3/T6W/KflYI4bRHRagNeXeU2bkNGI3v1oS/lw=="],

    "libsql": ["libsql@0.5.11", "", { "dependencies": { "@neon-rs/load": "^0.0.4", "detect-libc": "2.0.2" }, "optionalDependencies": { "@libsql/darwin-arm64": "0.5.11", "@libsql/darwin-x64": "0.5.11", "@libsql/linux-arm-gnueabihf": "0.5.11", "@libsql/linux-arm-musleabihf": "0.5.11", "@libsql/linux-arm64-gnu": "0.5.11", "@libsql/linux-arm64-musl": "0.5.11", "@libsql/linux-x64-gnu": "0.5.11", "@libsql/linux-x64-musl": "0.5.11", "@libsql/win32-x64-msvc": "0.5.11" }, "os": [ "linux", "win32", "darwin", ], "cpu": [ "arm", "x64", "arm64", ] }, "sha512-P2xY1nL2Jl7oM75LcguAEYqouVcevWhLWT8RU/p9ldaqQx5s/chF9t5ZFXPWP0x9myQQ4SguRqPO+FqdnCzKQg=="],

    "lodash": ["lodash@4.17.21", "", {}, "sha512-v2kDEe57lecTulaDIuNTPy3Ry4gLGJ6Z1O3vE1krgXZNrsQ+LFTGHVxVjcXPs17LhbZVGedAJv8XZ1tvj5FvSg=="],

    "lodash.snakecase": ["lodash.snakecase@4.1.1", "", {}, "sha512-QZ1d4xoBHYUeuouhEq3lk3Uq7ldgyFXGBhg04+oRLnIz8o9T65Eh+8YdroUwn846zchkA9yDsDl5CVVaV2nqYw=="],

    "magic-bytes.js": ["magic-bytes.js@1.12.1", "", {}, "sha512-ThQLOhN86ZkJ7qemtVRGYM+gRgR8GEXNli9H/PMvpnZsE44Xfh3wx9kGJaldg314v85m+bFW6WBMaVHJc/c3zA=="],

    "ms": ["ms@2.1.3", "", {}, "sha512-6FlzubTLZG3J2a/NVCAleEhjzq5oxgHyaCU9yYXvcLsvoVaHJq/s5xXI6/XXP6tz7R9xAOtHnSO/tXtF3WRTlA=="],

    "node-domexception": ["node-domexception@1.0.0", "", {}, "sha512-/jKZoMpw0F8GRwl4/eLROPA3cfcXtLApP0QzLmUT/HuPCZWyB7IY9ZrMeKw2O/nFIqPQB3PVM9aYm0F312AXDQ=="],

    "node-fetch": ["node-fetch@3.3.2", "", { "dependencies": { "data-uri-to-buffer": "^4.0.0", "fetch-blob": "^3.1.4", "formdata-polyfill": "^4.0.10" } }, "sha512-dRB78srN/l6gqWulah9SrxeYnxeddIG30+GOqK/9OlLVyLg3HPnr6SqOWTWOXKRwC2eGYCkZ59NNuSgvSrpgOA=="],

    "picomatch": ["picomatch@4.0.2", "", {}, "sha512-M7BAV6Rlcy5u+m6oPhAPFgJTzAioX/6B0DxyvDlo9l8+T3nLKbrczg2WLUyzd45L8RqfUMyGPzekbMvX2Ldkwg=="],

    "prettier": ["prettier@3.5.3", "", { "bin": { "prettier": "bin/prettier.cjs" } }, "sha512-QQtaxnoDJeAkDvDKWCLiwIXkTgRhwYDEQCghU9Z6q03iyek/rxRh/2lC3HB7P8sWT2xC/y5JDctPLBIGzHKbhw=="],

    "prettier-plugin-organize-imports": ["prettier-plugin-organize-imports@4.1.0", "", { "peerDependencies": { "prettier": ">=2.0", "typescript": ">=2.9", "vue-tsc": "^2.1.0" }, "optionalPeers": ["vue-tsc"] }, "sha512-5aWRdCgv645xaa58X8lOxzZoiHAldAPChljr/MT0crXVOWTZ+Svl4hIWlz+niYSlO6ikE5UXkN1JrRvIP2ut0A=="],

    "prettier-plugin-packagejson": ["prettier-plugin-packagejson@2.5.14", "", { "dependencies": { "sort-package-json": "3.2.1", "synckit": "0.11.6" }, "peerDependencies": { "prettier": ">= 1.16.0" }, "optionalPeers": ["prettier"] }, "sha512-h+3tSpr2nVpp+YOK1MDIYtYhHVXr8/0V59UUbJpIJFaqi3w4fvUokJo6eV8W+vELrUXIZzJ+DKm5G7lYzrMcKQ=="],

    "promise-limit": ["promise-limit@2.7.0", "", {}, "sha512-7nJ6v5lnJsXwGprnGXga4wx6d1POjvi5Qmf1ivTRxTjH4Z/9Czja/UCMLVmB9N93GeWOU93XaFaEt6jbuoagNw=="],

    "resolve-pkg-maps": ["resolve-pkg-maps@1.0.0", "", {}, "sha512-seS2Tj26TBVOC2NIc2rOe2y2ZO7efxITtLZcGSOnHHNOQ7CkiUBfw0Iw2ck6xkIhPwLhKNLS8BO+hEpngQlqzw=="],

    "semver": ["semver@7.7.2", "", { "bin": { "semver": "bin/semver.js" } }, "sha512-RF0Fw+rO5AMf9MAyaRXI4AV0Ulj5lMHqVxxdSgiVbixSCXoEmmX/jk0CuJw4+3SqroYO9VoUh+HcuJivvtJemA=="],

    "sort-object-keys": ["sort-object-keys@1.1.3", "", {}, "sha512-855pvK+VkU7PaKYPc+Jjnmt4EzejQHyhhF33q31qG8x7maDzkeFhAAThdCYay11CISO+qAMwjOBP+fPZe0IPyg=="],

    "sort-package-json": ["sort-package-json@3.2.1", "", { "dependencies": { "detect-indent": "^7.0.1", "detect-newline": "^4.0.1", "git-hooks-list": "^4.0.0", "is-plain-obj": "^4.1.0", "semver": "^7.7.1", "sort-object-keys": "^1.1.3", "tinyglobby": "^0.2.12" }, "bin": { "sort-package-json": "cli.js" } }, "sha512-rTfRdb20vuoAn7LDlEtCqOkYfl2X+Qze6cLbNOzcDpbmKEhJI30tTN44d5shbKJnXsvz24QQhlCm81Bag7EOKg=="],

    "source-map": ["source-map@0.6.1", "", {}, "sha512-UjgapumWlbMhkBgzT7Ykc5YXUT46F0iKu8SGXq0bcwP5dz/h0Plj6enJqjz1Zbq2l5WaqYnrVbwWOWMyF3F47g=="],

    "source-map-support": ["source-map-support@0.5.21", "", { "dependencies": { "buffer-from": "^1.0.0", "source-map": "^0.6.0" } }, "sha512-uBHU3L3czsIyYXKX88fdrGovxdSCoTGDRZ6SYXtSRxLZUzHg5P/66Ht6uoUlHu9EZod+inXhKo3qQgwXUT/y1w=="],

    "synckit": ["synckit@0.11.6", "", { "dependencies": { "@pkgr/core": "^0.2.4" } }, "sha512-2pR2ubZSV64f/vqm9eLPz/KOvR9Dm+Co/5ChLgeHl0yEDRc6h5hXHoxEQH8Y5Ljycozd3p1k5TTSVdzYGkPvLw=="],

    "tinyglobby": ["tinyglobby@0.2.13", "", { "dependencies": { "fdir": "^6.4.4", "picomatch": "^4.0.2" } }, "sha512-mEwzpUgrLySlveBwEVDMKk5B57bhLPYovRfPAXD5gA/98Opn0rCDj3GtLwFvCvH5RK9uPCExUROW5NjDwvqkxw=="],

    "ts-mixer": ["ts-mixer@6.0.4", "", {}, "sha512-ufKpbmrugz5Aou4wcr5Wc1UUFWOLhq+Fm6qa6P0w0K5Qw2yhaUoiWszhCVuNQyNwrlGiscHOmqYoAox1PtvgjA=="],

    "tslib": ["tslib@2.8.1", "", {}, "sha512-oJFu94HQb+KVduSUQL7wnpmqnfmLsOA/nAh6b6EH0wCEoK0/mPeXU6c3wKDV83MkOuHPRHtSXKKU99IBazS/2w=="],

    "typescript": ["typescript@5.8.3", "", { "bin": { "tsc": "bin/tsc", "tsserver": "bin/tsserver" } }, "sha512-p1diW6TqL9L07nNxvRMM7hMMw4c5XOo/1ibL4aAIGmSAt9slTE1Xgw5KWuof2uTOvCg9BY7ZRi+GaF+7sfgPeQ=="],

    "undici": ["undici@6.21.1", "", {}, "sha512-q/1rj5D0/zayJB2FraXdaWxbhWiNKDvu8naDT2dl1yTlvJp4BLtOcp2a5BvgGNQpYYJzau7tf1WgKv3b+7mqpQ=="],

    "undici-types": ["undici-types@6.21.0", "", {}, "sha512-iwDZqg0QAGrg9Rav5H4n0M64c3mkR59cJ6wQp+7C4nI0gsmExaedaYLNO44eT4AtBBwjbTiGPMlt2Md0T9H9JQ=="],

    "web-streams-polyfill": ["web-streams-polyfill@3.3.3", "", {}, "sha512-d2JWLCivmZYTSIoge9MsgFCZrt571BikcWGYkjC1khllbTeDlGqZ2D8vD8E/lJa8WGWbb7Plm8/XJYV7IJHZZw=="],

    "ws": ["ws@8.18.2", "", { "peerDependencies": { "bufferutil": "^4.0.1", "utf-8-validate": ">=5.0.2" }, "optionalPeers": ["bufferutil", "utf-8-validate"] }, "sha512-DMricUmwGZUVr++AEAe2uiVM7UoO9MAVZMDu05UQOaUII0lp+zOzLLU4Xqh/JvTqklB1T4uELaaPBKyjE1r4fQ=="],

    "youtubei.js": ["youtubei.js@13.4.0", "", { "dependencies": { "@bufbuild/protobuf": "^2.0.0", "jintr": "^3.3.1", "tslib": "^2.5.0", "undici": "^5.19.1" } }, "sha512-+fmIZU/dWAjsROONrASy1REwVpy6umAPVuoNLr/4iNmZXl84LyBef0n3hrd1Vn9035EuINToGyQcBmifwUEemA=="],

    "@discordjs/rest/@discordjs/collection": ["@discordjs/collection@2.1.1", "", {}, "sha512-LiSusze9Tc7qF03sLCujF5iZp7K+vRNEDBZ86FT9aQAv3vxMLihUvKvpsCWiQ2DJq1tVckopKm1rxomgNUc9hg=="],

    "@discordjs/ws/@discordjs/collection": ["@discordjs/collection@2.1.1", "", {}, "sha512-LiSusze9Tc7qF03sLCujF5iZp7K+vRNEDBZ86FT9aQAv3vxMLihUvKvpsCWiQ2DJq1tVckopKm1rxomgNUc9hg=="],

    "youtubei.js/undici": ["undici@5.29.0", "", { "dependencies": { "@fastify/busboy": "^2.0.0" } }, "sha512-raqeBD6NQK4SkWhQzeYKd1KmIG6dllBOTt55Rmkt4HtI9mwdWtJljnrXjAFUBLTSN67HWrOIZ3EPF4kjUw80Bg=="],
  }
}
